{
  "version": 4,
  "terraform_version": "1.5.2",
  "serial": 9,
  "lineage": "27c3fb9a-9b51-f29c-f6e3-a766fcc6bef8",
  "outputs": {},
  "resources": [
    {
      "mode": "managed",
      "type": "azurerm_container_group",
      "name": "example",
      "provider": "provider[\"registry.terraform.io/hashicorp/azurerm\"]",
      "instances": [
        {
          "schema_version": 0,
          "attributes": {
            "container": [
              {
                "commands": [],
                "cpu": 1,
                "cpu_limit": 0,
                "environment_variables": {
                  "AZURE_PASSWORD": "7Be4\u00263EVDQ5KqnWYKkif",
                  "AZURE_USER": "cloud_user_p_82293fb2@realhandsonlabs.com"
                },
                "gpu": [],
                "gpu_limit": [],
                "image": "docker.io/15821661/image-test-fastapi:v1",
                "liveness_probe": [],
                "memory": 1.5,
                "memory_limit": 0,
                "name": "fastapi-container",
                "ports": [
                  {
                    "port": 8000,
                    "protocol": "TCP"
                  }
                ],
                "readiness_probe": [],
                "secure_environment_variables": null,
                "volume": []
              }
            ],
            "diagnostics": [],
            "dns_config": [],
            "dns_name_label": "examplecontainergroupdns",
            "dns_name_label_reuse_policy": "Unsecure",
            "exposed_port": [
              {
                "port": 8000,
                "protocol": "TCP"
              }
            ],
            "fqdn": "examplecontainergroupdns.eastus.azurecontainer.io",
            "id": "/subscriptions/80ea84e8-afce-4851-928a-9e2219724c69/resourceGroups/1-2857c6cb-playground-sandbox/providers/Microsoft.ContainerInstance/containerGroups/examplecontainergroupjorgejuly2023",
            "identity": [],
            "image_registry_credential": [],
            "init_container": [],
            "ip_address": "52.152.201.206",
            "ip_address_type": "Public",
            "key_vault_key_id": null,
            "location": "eastus",
            "name": "examplecontainergroupjorgejuly2023",
            "network_profile_id": null,
            "os_type": "Linux",
            "resource_group_name": "1-2857c6cb-playground-sandbox",
            "restart_policy": "Always",
            "subnet_ids": null,
            "tags": null,
            "timeouts": null,
            "zones": null
          },
          "sensitive_attributes": [],
          "private": "eyJlMmJmYjczMC1lY2FhLTExZTYtOGY4OC0zNDM2M2JjN2M0YzAiOnsiY3JlYXRlIjoxODAwMDAwMDAwMDAwLCJkZWxldGUiOjE4MDAwMDAwMDAwMDAsInJlYWQiOjMwMDAwMDAwMDAwMCwidXBkYXRlIjoxODAwMDAwMDAwMDAwfX0=",
          "dependencies": [
            "azurerm_resource_group.example"
          ]
        }
      ]
    },
    {
      "mode": "managed",
      "type": "azurerm_container_registry",
      "name": "example",
      "provider": "provider[\"registry.terraform.io/hashicorp/azurerm\"]",
      "instances": [
        {
          "schema_version": 2,
          "attributes": {
            "admin_enabled": true,
            "admin_password": "RJDjU9emTUhSF+vIJKZyOb5Y86lhp0gSE3W321sotI+ACRDYzSHY",
            "admin_username": "examplecontainerregistryjorgejuly2023",
            "anonymous_pull_enabled": false,
            "data_endpoint_enabled": false,
            "encryption": [
              {
                "enabled": false,
                "identity_client_id": "",
                "key_vault_key_id": ""
              }
            ],
            "export_policy_enabled": true,
            "georeplications": [],
            "id": "/subscriptions/80ea84e8-afce-4851-928a-9e2219724c69/resourceGroups/1-2857c6cb-playground-sandbox/providers/Microsoft.ContainerRegistry/registries/examplecontainerregistryjorgejuly2023",
            "identity": [],
            "location": "eastus",
            "login_server": "examplecontainerregistryjorgejuly2023.azurecr.io",
            "name": "examplecontainerregistryjorgejuly2023",
            "network_rule_bypass_option": "AzureServices",
            "network_rule_set": [],
            "public_network_access_enabled": true,
            "quarantine_policy_enabled": false,
            "resource_group_name": "1-2857c6cb-playground-sandbox",
            "retention_policy": [
              {
                "days": 7,
                "enabled": false
              }
            ],
            "sku": "Basic",
            "tags": null,
            "timeouts": null,
            "trust_policy": [
              {
                "enabled": false
              }
            ],
            "zone_redundancy_enabled": false
          },
          "sensitive_attributes": [],
          "private": "eyJlMmJmYjczMC1lY2FhLTExZTYtOGY4OC0zNDM2M2JjN2M0YzAiOnsiY3JlYXRlIjoxODAwMDAwMDAwMDAwLCJkZWxldGUiOjE4MDAwMDAwMDAwMDAsInJlYWQiOjMwMDAwMDAwMDAwMCwidXBkYXRlIjoxODAwMDAwMDAwMDAwfSwic2NoZW1hX3ZlcnNpb24iOiIyIn0=",
          "dependencies": [
            "azurerm_resource_group.example"
          ]
        }
      ]
    },
    {
      "mode": "managed",
      "type": "azurerm_resource_group",
      "name": "example",
      "provider": "provider[\"registry.terraform.io/hashicorp/azurerm\"]",
      "instances": [
        {
          "schema_version": 0,
          "attributes": {
            "id": "/subscriptions/80ea84e8-afce-4851-928a-9e2219724c69/resourceGroups/1-2857c6cb-playground-sandbox",
            "location": "eastus",
            "managed_by": "",
            "name": "1-2857c6cb-playground-sandbox",
            "tags": {},
            "timeouts": null
          },
          "sensitive_attributes": [],
          "private": "eyJlMmJmYjczMC1lY2FhLTExZTYtOGY4OC0zNDM2M2JjN2M0YzAiOnsiY3JlYXRlIjo1NDAwMDAwMDAwMDAwLCJkZWxldGUiOjU0MDAwMDAwMDAwMDAsInJlYWQiOjMwMDAwMDAwMDAwMCwidXBkYXRlIjo1NDAwMDAwMDAwMDAwfSwic2NoZW1hX3ZlcnNpb24iOiIwIn0="
        }
      ]
    }
  ],
  "check_results": null
}
